
Microsoft Visual Studio Solution File, Format Version 12.00
# Visual Studio Version 17
VisualStudioVersion = 17.12.35527.113
MinimumVisualStudioVersion = 10.0.40219.1
Project("{FAE04EC0-301F-11D3-BF4B-00C04F79EFBC}") = "ShirtStormMvc", "ShirtStormMvc\ShirtStormMvc.csproj", "{2D45FB02-E7BB-46B6-A661-347503EBD7AF}"
EndProject
Global
	GlobalSection(SolutionConfigurationPlatforms) = preSolution
		Debug|Any CPU = Debug|Any CPU
		Release|Any CPU = Release|Any CPU
	EndGlobalSection
	GlobalSection(ProjectConfigurationPlatforms) = postSolution
		{2D45FB02-E7BB-46B6-A661-347503EBD7AF}.Debug|Any CPU.ActiveCfg = Debug|Any CPU
		{2D45FB02-E7BB-46B6-A661-347503EBD7AF}.Debug|Any CPU.Build.0 = Debug|Any CPU
		{2D45FB02-E7BB-46B6-A661-347503EBD7AF}.Release|Any CPU.ActiveCfg = Release|Any CPU
		{2D45FB02-E7BB-46B6-A661-347503EBD7AF}.Release|Any CPU.Build.0 = Release|Any CPU
	EndGlobalSection
	GlobalSection(SolutionProperties) = preSolution
		HideSolutionNode = FALSE
	EndGlobalSection
	GlobalSection(ExtensibilityGlobals) = postSolution
		SolutionGuid = {4D6C63DC-C600-4C85-A226-3AE0E2EE1115}
	EndGlobalSection
EndGlobal
